
Microsoft Visual Studio Solution File, Format Version 12.00
# Visual Studio Version 16
VisualStudioVersion = 16.0.30907.101
MinimumVisualStudioVersion = 10.0.40219.1
Project("{FAE04EC0-301F-11D3-BF4B-00C04F79EFBC}") = "TestGraphQL", "TestGraphQL\TestGraphQL.csproj", "{CECE410C-042E-46EC-A610-EDA4A91B7EBB}"
EndProject
Global
	GlobalSection(SolutionConfigurationPlatforms) = preSolution
		Debug|Any CPU = Debug|Any CPU
		Release|Any CPU = Release|Any CPU
	EndGlobalSection
	GlobalSection(ProjectConfigurationPlatforms) = postSolution
		{CECE410C-042E-46EC-A610-EDA4A91B7EBB}.Debug|Any CPU.ActiveCfg = Debug|Any CPU
		{CECE410C-042E-46EC-A610-EDA4A91B7EBB}.Debug|Any CPU.Build.0 = Debug|Any CPU
		{CECE410C-042E-46EC-A610-EDA4A91B7EBB}.Release|Any CPU.ActiveCfg = Release|Any CPU
		{CECE410C-042E-46EC-A610-EDA4A91B7EBB}.Release|Any CPU.Build.0 = Release|Any CPU
	EndGlobalSection
	GlobalSection(SolutionProperties) = preSolution
		HideSolutionNode = FALSE
	EndGlobalSection
	GlobalSection(ExtensibilityGlobals) = postSolution
		SolutionGuid = {408214F5-A29A-478B-9B0A-8DC39612FBBE}
	EndGlobalSection
EndGlobal
